// !$*UTF8*$!
{
	archiveVersion = 1;
	classes = {
	};
	objectVersion = 46;
	objects = {

/* Begin PBXBuildFile section */
		7ECD596014F7D8B7009B4498 /* UIKit.framework in Frameworks */ = {isa = PBXBuildFile; fileRef = 7ECD595F14F7D8B7009B4498 /* UIKit.framework */; };
		7ECD596214F7D8B7009B4498 /* Foundation.framework in Frameworks */ = {isa = PBXBuildFile; fileRef = 7ECD596114F7D8B7009B4498 /* Foundation.framework */; };
		7ECD596414F7D8B7009B4498 /* CoreGraphics.framework in Frameworks */ = {isa = PBXBuildFile; fileRef = 7ECD596314F7D8B7009B4498 /* CoreGraphics.framework */; };
		7ECD596A14F7D8B7009B4498 /* InfoPlist.strings in Resources */ = {isa = PBXBuildFile; fileRef = 7ECD596814F7D8B7009B4498 /* InfoPlist.strings */; };
		7ECD596C14F7D8B7009B4498 /* main.m in Sources */ = {isa = PBXBuildFile; fileRef = 7ECD596B14F7D8B7009B4498 /* main.m */; };
		7ECD597014F7D8B8009B4498 /* AppDelegate.m in Sources */ = {isa = PBXBuildFile; fileRef = 7ECD596F14F7D8B8009B4498 /* AppDelegate.m */; };
		7ECD597314F7D8B8009B4498 /* ViewController.m in Sources */ = {isa = PBXBuildFile; fileRef = 7ECD597214F7D8B8009B4498 /* ViewController.m */; };
		7ECD597614F7D8B8009B4498 /* ViewController.xib in Resources */ = {isa = PBXBuildFile; fileRef = 7ECD597414F7D8B8009B4498 /* ViewController.xib */; };
		7ECD597F14F7D901009B4498 /* BrandingFactory.m in Sources */ = {isa = PBXBuildFile; fileRef = 7ECD597E14F7D901009B4498 /* BrandingFactory.m */; };
		7ECD598214F7D9D7009B4498 /* AcmeBrandingFactory.m in Sources */ = {isa = PBXBuildFile; fileRef = 7ECD598114F7D9D7009B4498 /* AcmeBrandingFactory.m */; };
		7EF4079914FB909C00BA2BFB /* TestController.m in Sources */ = {isa = PBXBuildFile; fileRef = 7EF4079714FB909C00BA2BFB /* TestController.m */; };
		7EF4079A14FB909C00BA2BFB /* TestController.xib in Resources */ = {isa = PBXBuildFile; fileRef = 7EF4079814FB909C00BA2BFB /* TestController.xib */; };
/* End PBXBuildFile section */

/* Begin PBXFileReference section */
		7ECD595B14F7D8B7009B4498 /* AbsFactory.app */ = {isa = PBXFileReference; explicitFileType = wrapper.application; includeInIndex = 0; path = AbsFactory.app; sourceTree = BUILT_PRODUCTS_DIR; };
		7ECD595F14F7D8B7009B4498 /* UIKit.framework */ = {isa = PBXFileReference; lastKnownFileType = wrapper.framework; name = UIKit.framework; path = System/Library/Frameworks/UIKit.framework; sourceTree = SDKROOT; };
		7ECD596114F7D8B7009B4498 /* Foundation.framework */ = {isa = PBXFileReference; lastKnownFileType = wrapper.framework; name = Foundation.framework; path = System/Library/Frameworks/Foundation.framework; sourceTree = SDKROOT; };
		7ECD596314F7D8B7009B4498 /* CoreGraphics.framework */ = {isa = PBXFileReference; lastKnownFileType = wrapper.framework; name = CoreGraphics.framework; path = System/Library/Frameworks/CoreGraphics.framework; sourceTree = SDKROOT; };
		7ECD596714F7D8B7009B4498 /* AbsFactory-Info.plist */ = {isa = PBXFileReference; lastKnownFileType = text.plist.xml; path = "AbsFactory-Info.plist"; sourceTree = "<group>"; };
		7ECD596914F7D8B7009B4498 /* en */ = {isa = PBXFileReference; lastKnownFileType = text.plist.strings; name = en; path = en.lproj/InfoPlist.strings; sourceTree = "<group>"; };
		7ECD596B14F7D8B7009B4498 /* main.m */ = {isa = PBXFileReference; lastKnownFileType = sourcecode.c.objc; path = main.m; sourceTree = "<group>"; };
		7ECD596D14F7D8B8009B4498 /* AbsFactory-Prefix.pch */ = {isa = PBXFileReference; lastKnownFileType = sourcecode.c.h; path = "AbsFactory-Prefix.pch"; sourceTree = "<group>"; };
		7ECD596E14F7D8B8009B4498 /* AppDelegate.h */ = {isa = PBXFileReference; lastKnownFileType = sourcecode.c.h; path = AppDelegate.h; sourceTree = "<group>"; };
		7ECD596F14F7D8B8009B4498 /* AppDelegate.m */ = {isa = PBXFileReference; lastKnownFileType = sourcecode.c.objc; path = AppDelegate.m; sourceTree = "<group>"; };
		7ECD597114F7D8B8009B4498 /* ViewController.h */ = {isa = PBXFileReference; lastKnownFileType = sourcecode.c.h; path = ViewController.h; sourceTree = "<group>"; };
		7ECD597214F7D8B8009B4498 /* ViewController.m */ = {isa = PBXFileReference; lastKnownFileType = sourcecode.c.objc; path = ViewController.m; sourceTree = "<group>"; };
		7ECD597514F7D8B8009B4498 /* en */ = {isa = PBXFileReference; lastKnownFileType = file.xib; name = en; path = en.lproj/ViewController.xib; sourceTree = "<group>"; };
		7ECD597D14F7D901009B4498 /* BrandingFactory.h */ = {isa = PBXFileReference; fileEncoding = 4; lastKnownFileType = sourcecode.c.h; path = BrandingFactory.h; sourceTree = "<group>"; };
		7ECD597E14F7D901009B4498 /* BrandingFactory.m */ = {isa = PBXFileReference; fileEncoding = 4; lastKnownFileType = sourcecode.c.objc; path = BrandingFactory.m; sourceTree = "<group>"; };
		7ECD598014F7D9D7009B4498 /* AcmeBrandingFactory.h */ = {isa = PBXFileReference; fileEncoding = 4; lastKnownFileType = sourcecode.c.h; path = AcmeBrandingFactory.h; sourceTree = "<group>"; };
		7ECD598114F7D9D7009B4498 /* AcmeBrandingFactory.m */ = {isa = PBXFileReference; fileEncoding = 4; lastKnownFileType = sourcecode.c.objc; path = AcmeBrandingFactory.m; sourceTree = "<group>"; };
		7EF4079614FB909C00BA2BFB /* TestController.h */ = {isa = PBXFileReference; fileEncoding = 4; lastKnownFileType = sourcecode.c.h; path = TestController.h; sourceTree = "<group>"; };
		7EF4079714FB909C00BA2BFB /* TestController.m */ = {isa = PBXFileReference; fileEncoding = 4; lastKnownFileType = sourcecode.c.objc; path = TestController.m; sourceTree = "<group>"; };
		7EF4079814FB909C00BA2BFB /* TestController.xib */ = {isa = PBXFileReference; fileEncoding = 4; lastKnownFileType = file.xib; path = TestController.xib; sourceTree = "<group>"; };
/* End PBXFileReference section */

/* Begin PBXFrameworksBuildPhase section */
		7ECD595814F7D8B7009B4498 /* Frameworks */ = {
			isa = PBXFrameworksBuildPhase;
			buildActionMask = 2147483647;
			files = (
				7ECD596014F7D8B7009B4498 /* UIKit.framework in Frameworks */,
				7ECD596214F7D8B7009B4498 /* Foundation.framework in Frameworks */,
				7ECD596414F7D8B7009B4498 /* CoreGraphics.framework in Frameworks */,
			);
			runOnlyForDeploymentPostprocessing = 0;
		};
/* End PBXFrameworksBuildPhase section */

/* Begin PBXGroup section */
		7ECD595014F7D8B7009B4498 = {
			isa = PBXGroup;
			children = (
				7ECD596514F7D8B7009B4498 /* AbsFactory */,
				7ECD595E14F7D8B7009B4498 /* Frameworks */,
				7ECD595C14F7D8B7009B4498 /* Products */,
			);
			sourceTree = "<group>";
		};
		7ECD595C14F7D8B7009B4498 /* Products */ = {
			isa = PBXGroup;
			children = (
				7ECD595B14F7D8B7009B4498 /* AbsFactory.app */,
			);
			name = Products;
			sourceTree = "<group>";
		};
		7ECD595E14F7D8B7009B4498 /* Frameworks */ = {
			isa = PBXGroup;
			children = (
				7ECD595F14F7D8B7009B4498 /* UIKit.framework */,
				7ECD596114F7D8B7009B4498 /* Foundation.framework */,
				7ECD596314F7D8B7009B4498 /* CoreGraphics.framework */,
			);
			name = Frameworks;
			sourceTree = "<group>";
		};
		7ECD596514F7D8B7009B4498 /* AbsFactory */ = {
			isa = PBXGroup;
			children = (
				7ECD597C14F7D8EC009B4498 /* Abstract */,
				7ECD596E14F7D8B8009B4498 /* AppDelegate.h */,
				7ECD596F14F7D8B8009B4498 /* AppDelegate.m */,
				7ECD597114F7D8B8009B4498 /* ViewController.h */,
				7ECD597214F7D8B8009B4498 /* ViewController.m */,
				7ECD597414F7D8B8009B4498 /* ViewController.xib */,
				7ECD596614F7D8B7009B4498 /* Supporting Files */,
			);
			path = AbsFactory;
			sourceTree = "<group>";
		};
		7ECD596614F7D8B7009B4498 /* Supporting Files */ = {
			isa = PBXGroup;
			children = (
				7ECD596714F7D8B7009B4498 /* AbsFactory-Info.plist */,
				7ECD596814F7D8B7009B4498 /* InfoPlist.strings */,
				7ECD596B14F7D8B7009B4498 /* main.m */,
				7ECD596D14F7D8B8009B4498 /* AbsFactory-Prefix.pch */,
			);
			name = "Supporting Files";
			sourceTree = "<group>";
		};
		7ECD597C14F7D8EC009B4498 /* Abstract */ = {
			isa = PBXGroup;
			children = (
				7ECD597D14F7D901009B4498 /* BrandingFactory.h */,
				7ECD597E14F7D901009B4498 /* BrandingFactory.m */,
				7ECD598014F7D9D7009B4498 /* AcmeBrandingFactory.h */,
				7ECD598114F7D9D7009B4498 /* AcmeBrandingFactory.m */,
				7EF4079614FB909C00BA2BFB /* TestController.h */,
				7EF4079714FB909C00BA2BFB /* TestController.m */,
				7EF4079814FB909C00BA2BFB /* TestController.xib */,
			);
			name = Abstract;
			sourceTree = "<group>";
		};
/* End PBXGroup section */

/* Begin PBXNativeTarget section */
		7ECD595A14F7D8B7009B4498 /* AbsFactory */ = {
			isa = PBXNativeTarget;
			buildConfigurationList = 7ECD597914F7D8B8009B4498 /* Build configuration list for PBXNativeTarget "AbsFactory" */;
			buildPhases = (
				7ECD595714F7D8B7009B4498 /* Sources */,
				7ECD595814F7D8B7009B4498 /* Frameworks */,
				7ECD595914F7D8B7009B4498 /* Resources */,
			);
			buildRules = (
			);
			dependencies = (
			);
			name = AbsFactory;
			productName = AbsFactory;
			productReference = 7ECD595B14F7D8B7009B4498 /* AbsFactory.app */;
			productType = "com.apple.product-type.application";
		};
/* End PBXNativeTarget section */

/* Begin PBXProject section */
		7ECD595214F7D8B7009B4498 /* Project object */ = {
			isa = PBXProject;
			attributes = {
				LastUpgradeCheck = 0420;
			};
			buildConfigurationList = 7ECD595514F7D8B7009B4498 /* Build configuration list for PBXProject "AbsFactory" */;
			compatibilityVersion = "Xcode 3.2";
			developmentRegion = English;
			hasScannedForEncodings = 0;
			knownRegions = (
				en,
			);
			mainGroup = 7ECD595014F7D8B7009B4498;
			productRefGroup = 7ECD595C14F7D8B7009B4498 /* Products */;
			projectDirPath = "";
			projectRoot = "";
			targets = (
				7ECD595A14F7D8B7009B4498 /* AbsFactory */,
			);
		};
/* End PBXProject section */

/* Begin PBXResourcesBuildPhase section */
		7ECD595914F7D8B7009B4498 /* Resources */ = {
			isa = PBXResourcesBuildPhase;
			buildActionMask = 2147483647;
			files = (
				7ECD596A14F7D8B7009B4498 /* InfoPlist.strings in Resources */,
				7ECD597614F7D8B8009B4498 /* ViewController.xib in Resources */,
				7EF4079A14FB909C00BA2BFB /* TestController.xib in Resources */,
			);
			runOnlyForDeploymentPostprocessing = 0;
		};
/* End PBXResourcesBuildPhase section */

/* Begin PBXSourcesBuildPhase section */
		7ECD595714F7D8B7009B4498 /* Sources */ = {
			isa = PBXSourcesBuildPhase;
			buildActionMask = 2147483647;
			files = (
				7ECD596C14F7D8B7009B4498 /* main.m in Sources */,
				7ECD597014F7D8B8009B4498 /* AppDelegate.m in Sources */,
				7ECD597314F7D8B8009B4498 /* ViewController.m in Sources */,
				7ECD597F14F7D901009B4498 /* BrandingFactory.m in Sources */,
				7ECD598214F7D9D7009B4498 /* AcmeBrandingFactory.m in Sources */,
				7EF4079914FB909C00BA2BFB /* TestController.m in Sources */,
			);
			runOnlyForDeploymentPostprocessing = 0;
		};
/* End PBXSourcesBuildPhase section */

/* Begin PBXVariantGroup section */
		7ECD596814F7D8B7009B4498 /* InfoPlist.strings */ = {
			isa = PBXVariantGroup;
			children = (
				7ECD596914F7D8B7009B4498 /* en */,
			);
			name = InfoPlist.strings;
			sourceTree = "<group>";
		};
		7ECD597414F7D8B8009B4498 /* ViewController.xib */ = {
			isa = PBXVariantGroup;
			children = (
				7ECD597514F7D8B8009B4498 /* en */,
			);
			name = ViewController.xib;
			sourceTree = "<group>";
		};
/* End PBXVariantGroup section */

/* Begin XCBuildConfiguration section */
		7ECD597714F7D8B8009B4498 /* Debug */ = {
			isa = XCBuildConfiguration;
			buildSettings = {
				ALWAYS_SEARCH_USER_PATHS = NO;
				ARCHS = "$(ARCHS_STANDARD_32_BIT)";
				"CODE_SIGN_IDENTITY[sdk=iphoneos*]" = "iPhone Developer";
				COPY_PHASE_STRIP = NO;
				GCC_C_LANGUAGE_STANDARD = gnu99;
				GCC_DYNAMIC_NO_PIC = NO;
				GCC_OPTIMIZATION_LEVEL = 0;
				GCC_PREPROCESSOR_DEFINITIONS = (
					"DEBUG=1",
					"$(inherited)",
				);
				GCC_SYMBOLS_PRIVATE_EXTERN = NO;
				GCC_VERSION = com.apple.compilers.llvm.clang.1_0;
				GCC_WARN_ABOUT_MISSING_PROTOTYPES = YES;
				GCC_WARN_ABOUT_RETURN_TYPE = YES;
				GCC_WARN_UNUSED_VARIABLE = YES;
				IPHONEOS_DEPLOYMENT_TARGET = 5.0;
				SDKROOT = iphoneos;
			};
			name = Debug;
		};
		7ECD597814F7D8B8009B4498 /* Release */ = {
			isa = XCBuildConfiguration;
			buildSettings = {
				ALWAYS_SEARCH_USER_PATHS = NO;
				ARCHS = "$(ARCHS_STANDARD_32_BIT)";
				"CODE_SIGN_IDENTITY[sdk=iphoneos*]" = "iPhone Developer";
				COPY_PHASE_STRIP = YES;
				GCC_C_LANGUAGE_STANDARD = gnu99;
				GCC_VERSION = com.apple.compilers.llvm.clang.1_0;
				GCC_WARN_ABOUT_MISSING_PROTOTYPES = YES;
				GCC_WARN_ABOUT_RETURN_TYPE = YES;
				GCC_WARN_UNUSED_VARIABLE = YES;
				IPHONEOS_DEPLOYMENT_TARGET = 5.0;
				OTHER_CFLAGS = "-DNS_BLOCK_ASSERTIONS=1";
				SDKROOT = iphoneos;
				VALIDATE_PRODUCT = YES;
			};
			name = Release;
		};
		7ECD597A14F7D8B8009B4498 /* Debug */ = {
			isa = XCBuildConfiguration;
			buildSettings = {
				GCC_PRECOMPILE_PREFIX_HEADER = YES;
				GCC_PREFIX_HEADER = "AbsFactory/AbsFactory-Prefix.pch";
				INFOPLIST_FILE = "AbsFactory/AbsFactory-Info.plist";
				PRODUCT_NAME = "$(TARGET_NAME)";
				WRAPPER_EXTENSION = app;
			};
			name = Debug;
		};
		7ECD597B14F7D8B8009B4498 /* Release */ = {
			isa = XCBuildConfiguration;
			buildSettings = {
				GCC_PRECOMPILE_PREFIX_HEADER = YES;
				GCC_PREFIX_HEADER = "AbsFactory/AbsFactory-Prefix.pch";
				INFOPLIST_FILE = "AbsFactory/AbsFactory-Info.plist";
				PRODUCT_NAME = "$(TARGET_NAME)";
				WRAPPER_EXTENSION = app;
			};
			name = Release;
		};
/* End XCBuildConfiguration section */

/* Begin XCConfigurationList section */
		7ECD595514F7D8B7009B4498 /* Build configuration list for PBXProject "AbsFactory" */ = {
			isa = XCConfigurationList;
			buildConfigurations = (
				7ECD597714F7D8B8009B4498 /* Debug */,
				7ECD597814F7D8B8009B4498 /* Release */,
			);
			defaultConfigurationIsVisible = 0;
			defaultConfigurationName = Release;
		};
		7ECD597914F7D8B8009B4498 /* Build configuration list for PBXNativeTarget "AbsFactory" */ = {
			isa = XCConfigurationList;
			buildConfigurations = (
				7ECD597A14F7D8B8009B4498 /* Debug */,
				7ECD597B14F7D8B8009B4498 /* Release */,
			);
			defaultConfigurationIsVisible = 0;
			defaultConfigurationName = Release;
		};
/* End XCConfigurationList section */
	};
	rootObject = 7ECD595214F7D8B7009B4498 /* Project object */;
}
